<?xml version="1.0" encoding="utf-8"?>
<Project ToolsVersion="4.0" xmlns="http://schemas.microsoft.com/developer/msbuild/2003">
  <ItemGroup>
    <Filter Include="Resource Files">
      <UniqueIdentifier>{67DA6AB6-F800-4c08-8B7A-83BB121AAD01}</UniqueIdentifier>
      <Extensions>rc;ico;cur;bmp;dlg;rc2;rct;bin;rgs;gif;jpg;jpeg;jpe;resx;tiff;tif;png;wav;mfcribbon-ms</Extensions>
    </Filter>
    <Filter Include="Objects">
      <UniqueIdentifier>{558e9e43-ddba-4dd2-91df-1088569995d2}</UniqueIdentifier>
    </Filter>
    <Filter Include="Objects\Weapons">
      <UniqueIdentifier>{00c1095e-dea1-4705-b258-ecef3f9df761}</UniqueIdentifier>
    </Filter>
    <Filter Include="Managers">
      <UniqueIdentifier>{5c067079-28dc-4475-8ec6-2e1ee23a9d6a}</UniqueIdentifier>
    </Filter>
    <Filter Include="States">
      <UniqueIdentifier>{997c13cc-f16a-45cd-a215-aa307460fe92}</UniqueIdentifier>
    </Filter>
    <Filter Include="UI">
      <UniqueIdentifier>{c1105fab-2b1a-4e88-9d92-4ea47f8d0480}</UniqueIdentifier>
    </Filter>
    <Filter Include="Core">
      <UniqueIdentifier>{46810150-9e5e-46d4-a728-ddae9e76a8ef}</UniqueIdentifier>
    </Filter>
  </ItemGroup>
  <ItemGroup>
    <ClCompile Include="resourceManager.cpp">
      <Filter>Managers</Filter>
      <Filter>Managers</Filter>
    </ClCompile>
    <ClCompile Include="objectManager.cpp">
      <Filter>Managers</Filter>
      <Filter>Managers</Filter>
    </ClCompile>
    <ClCompile Include="physicsManager.cpp">
      <Filter>Managers</Filter>
      <Filter>Managers</Filter>
    </ClCompile>
    <ClCompile Include="playState.cpp">
      <Filter>States</Filter>
      <Filter>States</Filter>
    </ClCompile>
    <ClCompile Include="camera.cpp">
      <Filter>Core</Filter>
      <Filter>Core</Filter>
    </ClCompile>
    <ClCompile Include="physicsObject.cpp">
      <Filter>Core</Filter>
      <Filter>Core</Filter>
    </ClCompile>
    <ClCompile Include="fileManager.cpp">
      <Filter>Managers</Filter>
      <Filter>Managers</Filter>
    </ClCompile>
    <ClCompile Include="arms.cpp">
      <Filter>Objects\Weapons</Filter>
      <Filter>Objects\Weapons</Filter>
    </ClCompile>
    <ClCompile Include="knife.cpp">
      <Filter>Objects\Weapons</Filter>
      <Filter>Objects\Weapons</Filter>
    </ClCompile>
    <ClCompile Include="weapon.cpp">
      <Filter>Objects\Weapons</Filter>
      <Filter>Objects\Weapons</Filter>
    </ClCompile>
    <ClCompile Include="weaponItem.cpp">
      <Filter>Objects</Filter>
      <Filter>Objects\Weapons</Filter>
    </ClCompile>
    <ClCompile Include="gameObject.cpp">
      <Filter>Objects</Filter>
      <Filter>Objects</Filter>
    </ClCompile>
    <ClCompile Include="dummy.cpp">
      <Filter>Objects</Filter>
      <Filter>Objects</Filter>
    </ClCompile>
    <ClCompile Include="character.cpp">
      <Filter>Objects</Filter>
      <Filter>Objects</Filter>
    </ClCompile>
    <ClCompile Include="player.cpp">
      <Filter>Objects</Filter>
      <Filter>Objects</Filter>
    </ClCompile>
    <ClCompile Include="item.cpp">
      <Filter>Objects</Filter>
      <Filter>Objects</Filter>
    </ClCompile>
    <ClCompile Include="main.cpp" />
    <ClCompile Include="bullet.cpp">
      <Filter>Objects</Filter>
      <Filter>Objects</Filter>
    </ClCompile>
    <ClCompile Include="inputManager.cpp">
      <Filter>Managers</Filter>
      <Filter>Managers</Filter>
    </ClCompile>
    <ClCompile Include="enemy.cpp">
      <Filter>Objects</Filter>
      <Filter>Objects</Filter>
    </ClCompile>
    <ClCompile Include="inventoryManager.cpp">
      <Filter>Managers</Filter>
      <Filter>Managers</Filter>
    </ClCompile>
    <ClCompile Include="uiElement.cpp">
      <Filter>UI</Filter>
      <Filter>UI</Filter>
    </ClCompile>
    <ClCompile Include="uiManager.cpp">
      <Filter>Managers</Filter>
      <Filter>Managers</Filter>
    </ClCompile>
    <ClCompile Include="endGameState.cpp">
      <Filter>States</Filter>
      <Filter>States</Filter>
    </ClCompile>
    <ClCompile Include="menuState.cpp">
      <Filter>States</Filter>
      <Filter>States</Filter>
    </ClCompile>
    <ClCompile Include="image.cpp">
      <Filter>UI</Filter>
      <Filter>UI</Filter>
    </ClCompile>
    <ClCompile Include="text.cpp">
      <Filter>UI</Filter>
      <Filter>UI</Filter>
    </ClCompile>
    <ClCompile Include="button.cpp">
      <Filter>UI</Filter>
      <Filter>UI</Filter>
    </ClCompile>
    <ClCompile Include="shotgun.cpp">
      <Filter>Objects\Weapons</Filter>
      <Filter>Objects\Weapons</Filter>
    </ClCompile>
    <ClCompile Include="rifle.cpp">
      <Filter>Objects\Weapons</Filter>
      <Filter>Objects\Weapons</Filter>
    </ClCompile>
    <ClCompile Include="pistol.cpp">
      <Filter>Objects\Weapons</Filter>
      <Filter>Objects\Weapons</Filter>
    </ClCompile>
    <ClCompile Include="bulletItem.cpp">
      <Filter>Objects</Filter>
      <Filter>Objects</Filter>
    </ClCompile>
    <ClCompile Include="globalData.cpp">
      <Filter>Core</Filter>
      <Filter>Core</Filter>
    </ClCompile>
    <ClCompile Include="levelSelectState.cpp">
      <Filter>States</Filter>
      <Filter>States</Filter>
    </ClCompile>
    <ClCompile Include="settingsState.cpp">
      <Filter>States</Filter>
      <Filter>States</Filter>
    </ClCompile>
    <ClCompile Include="healItem.cpp">
      <Filter>Objects</Filter>
      <Filter>Objects</Filter>
    </ClCompile>
    <ClCompile Include="factory.cpp">
      <Filter>Core</Filter>
      <Filter>Core</Filter>
    </ClCompile>
    <ClCompile Include="enemyState.cpp">
      <Filter>States</Filter>
      <Filter>States</Filter>
    </ClCompile>
    <ClCompile Include="effect.cpp">
      <Filter>Core</Filter>
      <Filter>Core</Filter>
    </ClCompile>
    <ClCompile Include="game.cpp" />
  </ItemGroup>
  <ItemGroup>
    <ClInclude Include="resourceManager.h">
      <Filter>Managers</Filter>
      <Filter>Managers</Filter>
    </ClInclude>
    <ClInclude Include="singleton.h">
      <Filter>Core</Filter>
      <Filter>Core</Filter>
    </ClInclude>
    <ClInclude Include="physicsObject.h">
      <Filter>Core</Filter>
      <Filter>Core</Filter>
    </ClInclude>
    <ClInclude Include="gameState.h">
      <Filter>States</Filter>
      <Filter>States</Filter>
    </ClInclude>
    <ClInclude Include="objectManager.h">
      <Filter>Managers</Filter>
      <Filter>Managers</Filter>
    </ClInclude>
    <ClInclude Include="physicsManager.h">
      <Filter>Managers</Filter>
      <Filter>Managers</Filter>
    </ClInclude>
    <ClInclude Include="playState.h">
      <Filter>States</Filter>
      <Filter>States</Filter>
    </ClInclude>
    <ClInclude Include="consts.h">
      <Filter>Core</Filter>
      <Filter>Core</Filter>
    </ClInclude>
    <ClInclude Include="camera.h">
      <Filter>Core</Filter>
      <Filter>Core</Filter>
    </ClInclude>
    <ClInclude Include="damageable.h">
      <Filter>Core</Filter>
      <Filter>Core</Filter>
    </ClInclude>
    <ClInclude Include="fileManager.h">
      <Filter>Managers</Filter>
      <Filter>Managers</Filter>
    </ClInclude>
    <ClInclude Include="weaponItem.h">
      <Filter>Objects</Filter>
      <Filter>Objects\Weapons</Filter>
    </ClInclude>
    <ClInclude Include="weapon.h">
      <Filter>Objects\Weapons</Filter>
      <Filter>Objects\Weapons</Filter>
    </ClInclude>
    <ClInclude Include="knife.h">
      <Filter>Objects\Weapons</Filter>
      <Filter>Objects\Weapons</Filter>
    </ClInclude>
    <ClInclude Include="arms.h">
      <Filter>Objects\Weapons</Filter>
      <Filter>Objects\Weapons</Filter>
    </ClInclude>
    <ClInclude Include="tile.h">
      <Filter>Objects</Filter>
      <Filter>Objects</Filter>
    </ClInclude>
    <ClInclude Include="player.h">
      <Filter>Objects</Filter>
      <Filter>Objects</Filter>
    </ClInclude>
    <ClInclude Include="item.h">
      <Filter>Objects</Filter>
      <Filter>Objects</Filter>
    </ClInclude>
    <ClInclude Include="gameObject.h">
      <Filter>Objects</Filter>
      <Filter>Objects</Filter>
    </ClInclude>
    <ClInclude Include="dummy.h">
      <Filter>Objects</Filter>
      <Filter>Objects</Filter>
    </ClInclude>
    <ClInclude Include="character.h">
      <Filter>Objects</Filter>
      <Filter>Objects</Filter>
    </ClInclude>
    <ClInclude Include="bullet.h">
      <Filter>Objects</Filter>
      <Filter>Objects</Filter>
    </ClInclude>
    <ClInclude Include="inputManager.h">
      <Filter>Managers</Filter>
      <Filter>Managers</Filter>
    </ClInclude>
    <ClInclude Include="enemy.h">
      <Filter>Objects</Filter>
      <Filter>Objects</Filter>
    </ClInclude>
    <ClInclude Include="inventoryManager.h">
      <Filter>Managers</Filter>
      <Filter>Managers</Filter>
    </ClInclude>
    <ClInclude Include="weaponType.h">
      <Filter>Objects\Weapons</Filter>
      <Filter>Objects\Weapons</Filter>
    </ClInclude>
    <ClInclude Include="uiElement.h">
      <Filter>UI</Filter>
      <Filter>UI</Filter>
    </ClInclude>
    <ClInclude Include="uiManager.h">
      <Filter>Managers</Filter>
      <Filter>Managers</Filter>
    </ClInclude>
    <ClInclude Include="globalData.h">
      <Filter>Core</Filter>
      <Filter>Core</Filter>
    </ClInclude>
    <ClInclude Include="endGameState.h">
      <Filter>States</Filter>
      <Filter>States</Filter>
    </ClInclude>
    <ClInclude Include="menuState.h">
      <Filter>States</Filter>
      <Filter>States</Filter>
    </ClInclude>
    <ClInclude Include="image.h">
      <Filter>UI</Filter>
      <Filter>UI</Filter>
    </ClInclude>
    <ClInclude Include="text.h">
      <Filter>UI</Filter>
      <Filter>UI</Filter>
    </ClInclude>
    <ClInclude Include="button.h">
      <Filter>UI</Filter>
      <Filter>UI</Filter>
    </ClInclude>
    <ClInclude Include="pistol.h">
      <Filter>Objects\Weapons</Filter>
      <Filter>Objects\Weapons</Filter>
    </ClInclude>
    <ClInclude Include="shotgun.h">
      <Filter>Objects\Weapons</Filter>
      <Filter>Objects\Weapons</Filter>
    </ClInclude>
    <ClInclude Include="rifle.h">
      <Filter>Objects\Weapons</Filter>
      <Filter>Objects\Weapons</Filter>
    </ClInclude>
    <ClInclude Include="bulletItem.h">
      <Filter>Objects</Filter>
      <Filter>Objects</Filter>
    </ClInclude>
    <ClInclude Include="levelSelectState.h">
      <Filter>States</Filter>
      <Filter>States</Filter>
    </ClInclude>
    <ClInclude Include="settingsState.h">
      <Filter>States</Filter>
      <Filter>States</Filter>
    </ClInclude>
    <ClInclude Include="healItem.h">
      <Filter>Objects</Filter>
      <Filter>Objects</Filter>
    </ClInclude>
    <ClInclude Include="factory.h">
      <Filter>Core</Filter>
      <Filter>Core</Filter>
    </ClInclude>
    <ClInclude Include="enemyState.h">
      <Filter>States</Filter>
      <Filter>States</Filter>
    </ClInclude>
    <ClInclude Include="effect.h">
      <Filter>Core</Filter>
      <Filter>Core</Filter>
    </ClInclude>
    <ClInclude Include="game.h" />
  </ItemGroup>
  <ItemGroup>
    <Font Include="GFX\6px-Normal.ttf">
      <Filter>Resource Files</Filter>
    </Font>
  </ItemGroup>
  <ItemGroup>
    <Image Include="GFX\player.png">
      <Filter>Resource Files</Filter>
    </Image>
    <Image Include="GFX\arms.png">
      <Filter>Resource Files</Filter>
    </Image>
    <Image Include="GFX\tile.png">
      <Filter>Resource Files</Filter>
    </Image>
    <Image Include="GFX\knife.png">
      <Filter>Resource Files</Filter>
    </Image>
    <Image Include="GFX\pistol_item.png">
      <Filter>Resource Files</Filter>
    </Image>
    <Image Include="GFX\pistol.png">
      <Filter>Resource Files</Filter>
    </Image>
    <Image Include="GFX\pistol_bullet.png">
      <Filter>Resource Files</Filter>
    </Image>
    <Image Include="GFX\rifle.png">
      <Filter>Resource Files</Filter>
    </Image>
    <Image Include="GFX\rifle_bullet.png">
      <Filter>Resource Files</Filter>
    </Image>
    <Image Include="GFX\rifle_item.png">
      <Filter>Resource Files</Filter>
    </Image>
    <Image Include="GFX\shotgun_bullet.png">
      <Filter>Resource Files</Filter>
    </Image>
    <Image Include="GFX\shotgun_item.png">
      <Filter>Resource Files</Filter>
    </Image>
    <Image Include="GFX\knife_item.png">
      <Filter>Resource Files</Filter>
    </Image>
    <Image Include="GFX\heal_item.png">
      <Filter>Resource Files</Filter>
    </Image>
    <Image Include="GFX\pistol_bullet_item.png">
      <Filter>Resource Files</Filter>
    </Image>
    <Image Include="GFX\rifle_bullet_item.png">
      <Filter>Resource Files</Filter>
    </Image>
    <Image Include="GFX\shotgun_bullet_item.png">
      <Filter>Resource Files</Filter>
    </Image>
    <Image Include="GFX\enemy.png">
      <Filter>Resource Files</Filter>
    </Image>
    <Image Include="GFX\knife_effect.png">
      <Filter>Resource Files</Filter>
    </Image>
  </ItemGroup>
  <ItemGroup>
    <Text Include="maps\map3.txt">
      <Filter>Resource Files</Filter>
    </Text>
    <Text Include="maps\map.txt">
      <Filter>Resource Files</Filter>
    </Text>
    <Text Include="maps\map1.txt">
      <Filter>Resource Files</Filter>
    </Text>
    <Text Include="maps\map2.txt">
      <Filter>Resource Files</Filter>
    </Text>
  </ItemGroup>
</Project>