<?xml version="1.0" encoding="utf-8"?>
<Project ToolsVersion="4.0" xmlns="http://schemas.microsoft.com/developer/msbuild/2003">
  <ItemGroup>
    <Filter Include="Source Files">
      <UniqueIdentifier>{4FC737F1-C7A5-4376-A066-2A32D752A2FF}</UniqueIdentifier>
      <Extensions>cpp;c;cc;cxx;c++;cppm;ixx;def;odl;idl;hpj;bat;asm;asmx</Extensions>
    </Filter>
    <Filter Include="Header Files">
      <UniqueIdentifier>{93995380-89BD-4b04-88EB-625FBE52EBFB}</UniqueIdentifier>
      <Extensions>h;hh;hpp;hxx;h++;hm;inl;inc;ipp;xsd</Extensions>
    </Filter>
    <Filter Include="Resource Files">
      <UniqueIdentifier>{67DA6AB6-F800-4c08-8B7A-83BB121AAD01}</UniqueIdentifier>
      <Extensions>rc;ico;cur;bmp;dlg;rc2;rct;bin;rgs;gif;jpg;jpeg;jpe;resx;tiff;tif;png;wav;mfcribbon-ms</Extensions>
    </Filter>
    <Filter Include="Objects">
      <UniqueIdentifier>{558e9e43-ddba-4dd2-91df-1088569995d2}</UniqueIdentifier>
    </Filter>
    <Filter Include="Objects\Weapons">
      <UniqueIdentifier>{00c1095e-dea1-4705-b258-ecef3f9df761}</UniqueIdentifier>
    </Filter>
  </ItemGroup>
  <ItemGroup>
    <ClCompile Include="game.cpp">
      <Filter>Source Files</Filter>
    </ClCompile>
    <ClCompile Include="resourceManager.cpp">
      <Filter>Source Files</Filter>
    </ClCompile>
    <ClCompile Include="objectManager.cpp">
      <Filter>Source Files</Filter>
    </ClCompile>
    <ClCompile Include="physicsManager.cpp">
      <Filter>Source Files</Filter>
    </ClCompile>
    <ClCompile Include="playState.cpp">
      <Filter>Source Files</Filter>
    </ClCompile>
    <ClCompile Include="camera.cpp">
      <Filter>Source Files</Filter>
    </ClCompile>
    <ClCompile Include="physicsObject.cpp">
      <Filter>Source Files</Filter>
    </ClCompile>
    <ClCompile Include="fileManager.cpp">
      <Filter>Source Files</Filter>
    </ClCompile>
    <ClCompile Include="arms.cpp">
      <Filter>Objects\Weapons</Filter>
    </ClCompile>
    <ClCompile Include="knife.cpp">
      <Filter>Objects\Weapons</Filter>
    </ClCompile>
    <ClCompile Include="weapon.cpp">
      <Filter>Objects\Weapons</Filter>
    </ClCompile>
    <ClCompile Include="weaponItem.cpp">
      <Filter>Objects\Weapons</Filter>
    </ClCompile>
    <ClCompile Include="gameObject.cpp">
      <Filter>Objects</Filter>
    </ClCompile>
    <ClCompile Include="dummy.cpp">
      <Filter>Objects</Filter>
    </ClCompile>
    <ClCompile Include="character.cpp">
      <Filter>Objects</Filter>
    </ClCompile>
    <ClCompile Include="player.cpp">
      <Filter>Objects</Filter>
    </ClCompile>
    <ClCompile Include="item.cpp">
      <Filter>Objects</Filter>
    </ClCompile>
    <ClCompile Include="main.cpp" />
    <ClCompile Include="bullet.cpp">
      <Filter>Source Files</Filter>
    </ClCompile>
    <ClCompile Include="inputManager.cpp">
      <Filter>Source Files</Filter>
    </ClCompile>
    <ClCompile Include="enemy.cpp">
      <Filter>Source Files</Filter>
    </ClCompile>
    <ClCompile Include="inventoryManager.cpp">
      <Filter>Source Files</Filter>
    </ClCompile>
    <ClCompile Include="uiElement.cpp">
      <Filter>Source Files</Filter>
    </ClCompile>
    <ClCompile Include="uiManager.cpp">
      <Filter>Source Files</Filter>
    </ClCompile>
    <ClCompile Include="endGameState.cpp">
      <Filter>Source Files</Filter>
    </ClCompile>
    <ClCompile Include="menuState.cpp">
      <Filter>Source Files</Filter>
    </ClCompile>
    <ClCompile Include="image.cpp">
      <Filter>Source Files</Filter>
    </ClCompile>
    <ClCompile Include="text.cpp">
      <Filter>Source Files</Filter>
    </ClCompile>
    <ClCompile Include="button.cpp">
      <Filter>Source Files</Filter>
    </ClCompile>
    <ClCompile Include="shotgun.cpp">
      <Filter>Objects\Weapons</Filter>
    </ClCompile>
    <ClCompile Include="rifle.cpp">
      <Filter>Objects\Weapons</Filter>
    </ClCompile>
    <ClCompile Include="pistol.cpp">
      <Filter>Objects\Weapons</Filter>
    </ClCompile>
    <ClCompile Include="bulletItem.cpp">
      <Filter>Source Files</Filter>
    </ClCompile>
    <ClCompile Include="globalData.cpp">
      <Filter>Source Files</Filter>
    </ClCompile>
    <ClCompile Include="levelSelectState.cpp">
      <Filter>Source Files</Filter>
    </ClCompile>
    <ClCompile Include="settingsState.cpp">
      <Filter>Source Files</Filter>
    </ClCompile>
    <ClCompile Include="healItem.cpp">
      <Filter>Source Files</Filter>
    </ClCompile>
    <ClCompile Include="factory.cpp">
      <Filter>Source Files</Filter>
    </ClCompile>
    <ClCompile Include="enemyState.cpp">
      <Filter>Source Files</Filter>
    </ClCompile>
    <ClCompile Include="effect.cpp">
      <Filter>Source Files</Filter>
    </ClCompile>
  </ItemGroup>
  <ItemGroup>
    <ClInclude Include="game.h">
      <Filter>Header Files</Filter>
    </ClInclude>
    <ClInclude Include="resourceManager.h">
      <Filter>Header Files</Filter>
    </ClInclude>
    <ClInclude Include="singleton.h">
      <Filter>Header Files</Filter>
    </ClInclude>
    <ClInclude Include="physicsObject.h">
      <Filter>Header Files</Filter>
    </ClInclude>
    <ClInclude Include="gameState.h">
      <Filter>Header Files</Filter>
    </ClInclude>
    <ClInclude Include="objectManager.h">
      <Filter>Header Files</Filter>
    </ClInclude>
    <ClInclude Include="physicsManager.h">
      <Filter>Header Files</Filter>
    </ClInclude>
    <ClInclude Include="playState.h">
      <Filter>Header Files</Filter>
    </ClInclude>
    <ClInclude Include="consts.h">
      <Filter>Header Files</Filter>
    </ClInclude>
    <ClInclude Include="camera.h">
      <Filter>Header Files</Filter>
    </ClInclude>
    <ClInclude Include="damageable.h">
      <Filter>Header Files</Filter>
    </ClInclude>
    <ClInclude Include="fileManager.h">
      <Filter>Header Files</Filter>
    </ClInclude>
    <ClInclude Include="weaponItem.h">
      <Filter>Objects\Weapons</Filter>
    </ClInclude>
    <ClInclude Include="weapon.h">
      <Filter>Objects\Weapons</Filter>
    </ClInclude>
    <ClInclude Include="knife.h">
      <Filter>Objects\Weapons</Filter>
    </ClInclude>
    <ClInclude Include="arms.h">
      <Filter>Objects\Weapons</Filter>
    </ClInclude>
    <ClInclude Include="tile.h">
      <Filter>Objects</Filter>
    </ClInclude>
    <ClInclude Include="player.h">
      <Filter>Objects</Filter>
    </ClInclude>
    <ClInclude Include="item.h">
      <Filter>Objects</Filter>
    </ClInclude>
    <ClInclude Include="gameObject.h">
      <Filter>Objects</Filter>
    </ClInclude>
    <ClInclude Include="dummy.h">
      <Filter>Objects</Filter>
    </ClInclude>
    <ClInclude Include="character.h">
      <Filter>Objects</Filter>
    </ClInclude>
    <ClInclude Include="bullet.h">
      <Filter>Header Files</Filter>
    </ClInclude>
    <ClInclude Include="inputManager.h">
      <Filter>Header Files</Filter>
    </ClInclude>
    <ClInclude Include="enemy.h">
      <Filter>Header Files</Filter>
    </ClInclude>
    <ClInclude Include="inventoryManager.h">
      <Filter>Header Files</Filter>
    </ClInclude>
    <ClInclude Include="weaponType.h">
      <Filter>Header Files</Filter>
    </ClInclude>
    <ClInclude Include="uiElement.h">
      <Filter>Header Files</Filter>
    </ClInclude>
    <ClInclude Include="uiManager.h">
      <Filter>Header Files</Filter>
    </ClInclude>
    <ClInclude Include="globalData.h">
      <Filter>Header Files</Filter>
    </ClInclude>
    <ClInclude Include="endGameState.h">
      <Filter>Header Files</Filter>
    </ClInclude>
    <ClInclude Include="menuState.h">
      <Filter>Header Files</Filter>
    </ClInclude>
    <ClInclude Include="image.h">
      <Filter>Header Files</Filter>
    </ClInclude>
    <ClInclude Include="text.h">
      <Filter>Header Files</Filter>
    </ClInclude>
    <ClInclude Include="button.h">
      <Filter>Header Files</Filter>
    </ClInclude>
    <ClInclude Include="pistol.h">
      <Filter>Objects\Weapons</Filter>
    </ClInclude>
    <ClInclude Include="shotgun.h">
      <Filter>Objects\Weapons</Filter>
    </ClInclude>
    <ClInclude Include="rifle.h">
      <Filter>Objects\Weapons</Filter>
    </ClInclude>
    <ClInclude Include="bulletItem.h">
      <Filter>Header Files</Filter>
    </ClInclude>
    <ClInclude Include="levelSelectState.h">
      <Filter>Header Files</Filter>
    </ClInclude>
    <ClInclude Include="settingsState.h">
      <Filter>Header Files</Filter>
    </ClInclude>
    <ClInclude Include="healItem.h">
      <Filter>Header Files</Filter>
    </ClInclude>
    <ClInclude Include="factory.h">
      <Filter>Header Files</Filter>
    </ClInclude>
    <ClInclude Include="enemyState.h">
      <Filter>Header Files</Filter>
    </ClInclude>
    <ClInclude Include="effect.h">
      <Filter>Header Files</Filter>
    </ClInclude>
  </ItemGroup>
  <ItemGroup>
    <Font Include="GFX\6px-Normal.ttf">
      <Filter>Resource Files</Filter>
    </Font>
  </ItemGroup>
  <ItemGroup>
    <Image Include="GFX\player.png">
      <Filter>Resource Files</Filter>
    </Image>
    <Image Include="GFX\arms.png">
      <Filter>Resource Files</Filter>
    </Image>
    <Image Include="GFX\tile.png">
      <Filter>Resource Files</Filter>
    </Image>
    <Image Include="GFX\knife.png">
      <Filter>Resource Files</Filter>
    </Image>
    <Image Include="GFX\pistol_item.png">
      <Filter>Resource Files</Filter>
    </Image>
    <Image Include="GFX\pistol.png">
      <Filter>Resource Files</Filter>
    </Image>
    <Image Include="GFX\pistol_bullet.png">
      <Filter>Resource Files</Filter>
    </Image>
    <Image Include="GFX\rifle.png">
      <Filter>Resource Files</Filter>
    </Image>
    <Image Include="GFX\rifle_bullet.png">
      <Filter>Resource Files</Filter>
    </Image>
    <Image Include="GFX\rifle_item.png">
      <Filter>Resource Files</Filter>
    </Image>
    <Image Include="GFX\shotgun_bullet.png">
      <Filter>Resource Files</Filter>
    </Image>
    <Image Include="GFX\shotgun_item.png">
      <Filter>Resource Files</Filter>
    </Image>
    <Image Include="GFX\knife_item.png">
      <Filter>Resource Files</Filter>
    </Image>
    <Image Include="GFX\heal_item.png">
      <Filter>Resource Files</Filter>
    </Image>
    <Image Include="GFX\pistol_bullet_item.png">
      <Filter>Resource Files</Filter>
    </Image>
    <Image Include="GFX\rifle_bullet_item.png">
      <Filter>Resource Files</Filter>
    </Image>
    <Image Include="GFX\shotgun_bullet_item.png">
      <Filter>Resource Files</Filter>
    </Image>
    <Image Include="GFX\enemy.png">
      <Filter>Resource Files</Filter>
    </Image>
    <Image Include="GFX\knife_effect.png">
      <Filter>Resource Files</Filter>
    </Image>
  </ItemGroup>
  <ItemGroup>
    <Text Include="maps\map1.txt" />
    <Text Include="maps\map.txt" />
    <Text Include="data.txt" />
    <Text Include="maps\map2.txt" />
    <Text Include="maps\map3.txt" />
  </ItemGroup>
</Project>